<?xml version="1.0" encoding="utf-8"?>
<Project ToolsVersion="4.0" xmlns="http://schemas.microsoft.com/developer/msbuild/2003">
  <ItemGroup>
    <Filter Include="Source Files">
      <UniqueIdentifier>{4FC737F1-C7A5-4376-A066-2A32D752A2FF}</UniqueIdentifier>
      <Extensions>cpp;c;cc;cxx;def;odl;idl;hpj;bat;asm;asmx</Extensions>
    </Filter>
    <Filter Include="Header Files">
      <UniqueIdentifier>{93995380-89BD-4b04-88EB-625FBE52EBFB}</UniqueIdentifier>
      <Extensions>h;hpp;hxx;hm;inl;inc;xsd</Extensions>
    </Filter>
  </ItemGroup>
  <ItemGroup>
    <ClInclude Include="src\omoba\_Game.h" />
    <ClInclude Include="src\omoba\AnimationController.h" />
    <ClInclude Include="src\omoba\Cameraman.h" />
    <ClInclude Include="src\omoba\CameraRayIntersectionCalculator.h" />
    <ClInclude Include="src\o__O\Configuration\Configuration.h" />
    <ClInclude Include="src\omoba\Cursor.h" />
    <ClInclude Include="src\o__O\Data\DataGetter.h" />
    <ClInclude Include="src\o__O\FileManager\FileManager.h" />
    <ClInclude Include="src\o__O\FileManager\FilePathFactory.h" />
    <ClInclude Include="src\omoba\Ground.h" />
    <ClInclude Include="src\omoba\InputDispatcher.h" />
    <ClInclude Include="src\omoba\InputEvent.h" />
    <ClInclude Include="src\omoba\InputListener.h" />
    <ClInclude Include="src\omoba\MapDataParser.h" />
    <ClInclude Include="src\omoba\MapFactory.h" />
    <ClInclude Include="src\o__O\Data\NameIncrementor.h" />
    <ClInclude Include="src\omoba\Ray.h" />
    <ClInclude Include="src\OgreExtensions\SceneManager\SceneManager.h" />
    <ClInclude Include="src\omoba\SceneNodeController.h" />
    <ClInclude Include="src\omoba\Segment.h" />
    <ClInclude Include="src\omoba\Sprite.h" />
    <ClInclude Include="src\omoba\SpriteAnimation.h" />
    <ClInclude Include="src\omoba\SpriteDataProvider.h" />
    <ClInclude Include="src\omoba\SpriteFactory.h" />
    <ClInclude Include="src\omoba\SpriteParameter.h" />
    <ClInclude Include="src\o__O\String\String.h" />
    <ClInclude Include="src\tinyxml\tinystr.h" />
    <ClInclude Include="src\tinyxml\tinyxml.h" />
    <ClInclude Include="src\OgreExtensions\Vector3\Vector3.h" />
  </ItemGroup>
  <ItemGroup>
    <ClCompile Include="src\o__O\Configuration\Configuration.cpp">
      <Filter>Source Files</Filter>
    </ClCompile>
    <ClCompile Include="src\o__O\FileManager\FileManager.cpp">
      <Filter>Source Files</Filter>
    </ClCompile>
    <ClCompile Include="src\o__O\FileManager\FilePathFactory.cpp">
      <Filter>Source Files</Filter>
    </ClCompile>
    <ClCompile Include="src\o__O\String\String.cpp">
      <Filter>Source Files</Filter>
    </ClCompile>
    <ClCompile Include="src\OgreExtensions\Vector3\Vector3.cpp">
      <Filter>Source Files</Filter>
    </ClCompile>
    <ClCompile Include="src\omoba\_Game.cpp">
      <Filter>Source Files</Filter>
    </ClCompile>
    <ClCompile Include="src\omoba\AnimationController.cpp">
      <Filter>Source Files</Filter>
    </ClCompile>
    <ClCompile Include="src\omoba\Cameraman.cpp">
      <Filter>Source Files</Filter>
    </ClCompile>
    <ClCompile Include="src\omoba\CameraRayIntersectionCalculator.cpp">
      <Filter>Source Files</Filter>
    </ClCompile>
    <ClCompile Include="src\omoba\Cursor.cpp">
      <Filter>Source Files</Filter>
    </ClCompile>
    <ClCompile Include="src\omoba\Ground.cpp">
      <Filter>Source Files</Filter>
    </ClCompile>
    <ClCompile Include="src\omoba\InputDispatcher.cpp">
      <Filter>Source Files</Filter>
    </ClCompile>
    <ClCompile Include="src\omoba\InputEvent.cpp">
      <Filter>Source Files</Filter>
    </ClCompile>
    <ClCompile Include="src\omoba\InputListener.cpp">
      <Filter>Source Files</Filter>
    </ClCompile>
    <ClCompile Include="src\omoba\Ray.cpp">
      <Filter>Source Files</Filter>
    </ClCompile>
    <ClCompile Include="src\omoba\SceneNodeController.cpp">
      <Filter>Source Files</Filter>
    </ClCompile>
    <ClCompile Include="src\omoba\Segment.cpp">
      <Filter>Source Files</Filter>
    </ClCompile>
    <ClCompile Include="src\omoba\Sprite.cpp">
      <Filter>Source Files</Filter>
    </ClCompile>
    <ClCompile Include="src\omoba\SpriteDataProvider.cpp">
      <Filter>Source Files</Filter>
    </ClCompile>
    <ClCompile Include="src\omoba\SpriteFactory.cpp">
      <Filter>Source Files</Filter>
    </ClCompile>
    <ClCompile Include="src\omoba\SpriteParameter.cpp">
      <Filter>Source Files</Filter>
    </ClCompile>
    <ClCompile Include="src\tinyxml\tinystr.cpp">
      <Filter>Source Files</Filter>
    </ClCompile>
    <ClCompile Include="src\tinyxml\tinyxml.cpp">
      <Filter>Source Files</Filter>
    </ClCompile>
    <ClCompile Include="src\tinyxml\tinyxmlerror.cpp">
      <Filter>Source Files</Filter>
    </ClCompile>
    <ClCompile Include="src\tinyxml\tinyxmlparser.cpp">
      <Filter>Source Files</Filter>
    </ClCompile>
    <ClCompile Include="src\tinyxml\xmltest.cpp">
      <Filter>Source Files</Filter>
    </ClCompile>
    <ClCompile Include="src\omoba\SpriteAnimation.cpp">
      <Filter>Source Files</Filter>
    </ClCompile>
    <ClCompile Include="src\o__O\Data\DataGetter.cpp">
      <Filter>Source Files</Filter>
    </ClCompile>
    <ClCompile Include="src\omoba\MapDataParser.cpp">
      <Filter>Source Files</Filter>
    </ClCompile>
    <ClCompile Include="src\omoba\MapFactory.cpp">
      <Filter>Source Files</Filter>
    </ClCompile>
    <ClCompile Include="src\OgreExtensions\SceneManager\SceneManager.cpp">
      <Filter>Source Files</Filter>
    </ClCompile>
    <ClCompile Include="src\o__O\Data\NameIncrementor.cpp">
      <Filter>Source Files</Filter>
    </ClCompile>
  </ItemGroup>
</Project>